// !$*UTF8*$!
{
	archiveVersion = 1;
	classes = {
	};
	objectVersion = 50;
	objects = {

/* Begin PBXBuildFile section */
		3D19ABB42646F2DA0088D0F6 /* AttachmentsViewModel.swift in Sources */ = {isa = PBXBuildFile; fileRef = 3D19ABB32646F2DA0088D0F6 /* AttachmentsViewModel.swift */; };
		3D5035022647BD3B002DC087 /* Attachments.swift in Sources */ = {isa = PBXBuildFile; fileRef = 3D5035012647BD3B002DC087 /* Attachments.swift */; };
		3D5035092647C032002DC087 /* MessageTableViewCell.swift in Sources */ = {isa = PBXBuildFile; fileRef = 3D5035072647C032002DC087 /* MessageTableViewCell.swift */; };
		3D50350A2647C032002DC087 /* MessageTableViewCell.xib in Resources */ = {isa = PBXBuildFile; fileRef = 3D5035082647C032002DC087 /* MessageTableViewCell.xib */; };
		3D50351A2647CE06002DC087 /* Coordinator.swift in Sources */ = {isa = PBXBuildFile; fileRef = 3D5035192647CE06002DC087 /* Coordinator.swift */; };
		3D50352926482DE8002DC087 /* MainCoordinator.swift in Sources */ = {isa = PBXBuildFile; fileRef = 3D50352826482DE8002DC087 /* MainCoordinator.swift */; };
		3D50352C26482DFC002DC087 /* Storyboarded.swift in Sources */ = {isa = PBXBuildFile; fileRef = 3D50352B26482DFC002DC087 /* Storyboarded.swift */; };
		3D50353226482F2A002DC087 /* AppDelegate.swift in Sources */ = {isa = PBXBuildFile; fileRef = 3D50353126482F2A002DC087 /* AppDelegate.swift */; };
		3D50353A2648423A002DC087 /* Main.storyboard in Resources */ = {isa = PBXBuildFile; fileRef = 3D5035382648423A002DC087 /* Main.storyboard */; };
		3D8D004C2635B3EA00AC79B1 /* ViewController.swift in Sources */ = {isa = PBXBuildFile; fileRef = 3D8D004B2635B3EA00AC79B1 /* ViewController.swift */; };
		3D8D00512635B3EB00AC79B1 /* Assets.xcassets in Resources */ = {isa = PBXBuildFile; fileRef = 3D8D00502635B3EB00AC79B1 /* Assets.xcassets */; };
		3D8D00542635B3EB00AC79B1 /* LaunchScreen.storyboard in Resources */ = {isa = PBXBuildFile; fileRef = 3D8D00522635B3EB00AC79B1 /* LaunchScreen.storyboard */; };
/* End PBXBuildFile section */

/* Begin PBXFileReference section */
		3D19ABB32646F2DA0088D0F6 /* AttachmentsViewModel.swift */ = {isa = PBXFileReference; lastKnownFileType = sourcecode.swift; path = AttachmentsViewModel.swift; sourceTree = "<group>"; };
		3D5035012647BD3B002DC087 /* Attachments.swift */ = {isa = PBXFileReference; lastKnownFileType = sourcecode.swift; path = Attachments.swift; sourceTree = "<group>"; };
		3D5035072647C032002DC087 /* MessageTableViewCell.swift */ = {isa = PBXFileReference; lastKnownFileType = sourcecode.swift; path = MessageTableViewCell.swift; sourceTree = "<group>"; };
		3D5035082647C032002DC087 /* MessageTableViewCell.xib */ = {isa = PBXFileReference; lastKnownFileType = file.xib; path = MessageTableViewCell.xib; sourceTree = "<group>"; };
		3D5035192647CE06002DC087 /* Coordinator.swift */ = {isa = PBXFileReference; lastKnownFileType = sourcecode.swift; path = Coordinator.swift; sourceTree = "<group>"; };
		3D50352826482DE8002DC087 /* MainCoordinator.swift */ = {isa = PBXFileReference; lastKnownFileType = sourcecode.swift; path = MainCoordinator.swift; sourceTree = "<group>"; };
		3D50352B26482DFC002DC087 /* Storyboarded.swift */ = {isa = PBXFileReference; lastKnownFileType = sourcecode.swift; path = Storyboarded.swift; sourceTree = "<group>"; };
		3D50353126482F2A002DC087 /* AppDelegate.swift */ = {isa = PBXFileReference; fileEncoding = 4; lastKnownFileType = sourcecode.swift; path = AppDelegate.swift; sourceTree = "<group>"; };
		3D5035392648423A002DC087 /* Base */ = {isa = PBXFileReference; lastKnownFileType = file.storyboard; name = Base; path = Base.lproj/Main.storyboard; sourceTree = "<group>"; };
		3D8D00442635B3EA00AC79B1 /* WhatsAppAttachments.app */ = {isa = PBXFileReference; explicitFileType = wrapper.application; includeInIndex = 0; path = WhatsAppAttachments.app; sourceTree = BUILT_PRODUCTS_DIR; };
		3D8D004B2635B3EA00AC79B1 /* ViewController.swift */ = {isa = PBXFileReference; lastKnownFileType = sourcecode.swift; path = ViewController.swift; sourceTree = "<group>"; };
		3D8D00502635B3EB00AC79B1 /* Assets.xcassets */ = {isa = PBXFileReference; lastKnownFileType = folder.assetcatalog; path = Assets.xcassets; sourceTree = "<group>"; };
		3D8D00532635B3EB00AC79B1 /* Base */ = {isa = PBXFileReference; lastKnownFileType = file.storyboard; name = Base; path = Base.lproj/LaunchScreen.storyboard; sourceTree = "<group>"; };
		3D8D00552635B3EB00AC79B1 /* Info.plist */ = {isa = PBXFileReference; lastKnownFileType = text.plist.xml; path = Info.plist; sourceTree = "<group>"; };
/* End PBXFileReference section */

/* Begin PBXFrameworksBuildPhase section */
		3D8D00412635B3EA00AC79B1 /* Frameworks */ = {
			isa = PBXFrameworksBuildPhase;
			buildActionMask = 2147483647;
			files = (
			);
			runOnlyForDeploymentPostprocessing = 0;
		};
/* End PBXFrameworksBuildPhase section */

/* Begin PBXGroup section */
		3D19ABAF2646F28C0088D0F6 /* ViewModel */ = {
			isa = PBXGroup;
			children = (
				3D19ABB32646F2DA0088D0F6 /* AttachmentsViewModel.swift */,
			);
			path = ViewModel;
			sourceTree = "<group>";
		};
		3D19ABB02646F2980088D0F6 /* Appdelegate */ = {
			isa = PBXGroup;
			children = (
				3D50353126482F2A002DC087 /* AppDelegate.swift */,
			);
			path = Appdelegate;
			sourceTree = "<group>";
		};
		3D19ABB12646F2A90088D0F6 /* View's */ = {
			isa = PBXGroup;
			children = (
				3D5035382648423A002DC087 /* Main.storyboard */,
				3D8D00522635B3EB00AC79B1 /* LaunchScreen.storyboard */,
			);
			path = "View's";
			sourceTree = "<group>";
		};
		3D19ABB22646F2BB0088D0F6 /* ViewController's */ = {
			isa = PBXGroup;
			children = (
				3D8D004B2635B3EA00AC79B1 /* ViewController.swift */,
			);
			path = "ViewController's";
			sourceTree = "<group>";
		};
		3D19ABB62646F41F0088D0F6 /* Xibs */ = {
			isa = PBXGroup;
			children = (
				3D5035072647C032002DC087 /* MessageTableViewCell.swift */,
				3D5035082647C032002DC087 /* MessageTableViewCell.xib */,
			);
			path = Xibs;
			sourceTree = "<group>";
		};
		3D5035002647BD22002DC087 /* AttachmentHandler */ = {
			isa = PBXGroup;
			children = (
				3D5035012647BD3B002DC087 /* Attachments.swift */,
			);
			path = AttachmentHandler;
			sourceTree = "<group>";
		};
		3D5035172647C4B9002DC087 /* Coordinator */ = {
			isa = PBXGroup;
			children = (
				3D5035192647CE06002DC087 /* Coordinator.swift */,
				3D50352826482DE8002DC087 /* MainCoordinator.swift */,
				3D50352B26482DFC002DC087 /* Storyboarded.swift */,
			);
			path = Coordinator;
			sourceTree = "<group>";
		};
		3D8D003B2635B3EA00AC79B1 = {
			isa = PBXGroup;
			children = (
				3D8D00462635B3EA00AC79B1 /* WhatsAppAttachments */,
				3D8D00452635B3EA00AC79B1 /* Products */,
			);
			sourceTree = "<group>";
		};
		3D8D00452635B3EA00AC79B1 /* Products */ = {
			isa = PBXGroup;
			children = (
				3D8D00442635B3EA00AC79B1 /* WhatsAppAttachments.app */,
			);
			name = Products;
			sourceTree = "<group>";
		};
		3D8D00462635B3EA00AC79B1 /* WhatsAppAttachments */ = {
			isa = PBXGroup;
			children = (
				3D5035172647C4B9002DC087 /* Coordinator */,
				3D5035002647BD22002DC087 /* AttachmentHandler */,
				3D19ABB62646F41F0088D0F6 /* Xibs */,
				3D19ABB22646F2BB0088D0F6 /* ViewController's */,
				3D19ABB12646F2A90088D0F6 /* View's */,
				3D19ABB02646F2980088D0F6 /* Appdelegate */,
				3D19ABAF2646F28C0088D0F6 /* ViewModel */,
				3D8D00502635B3EB00AC79B1 /* Assets.xcassets */,
				3D8D00552635B3EB00AC79B1 /* Info.plist */,
			);
			path = WhatsAppAttachments;
			sourceTree = "<group>";
		};
/* End PBXGroup section */

/* Begin PBXNativeTarget section */
		3D8D00432635B3EA00AC79B1 /* WhatsAppAttachments */ = {
			isa = PBXNativeTarget;
			buildConfigurationList = 3D8D00582635B3EB00AC79B1 /* Build configuration list for PBXNativeTarget "WhatsAppAttachments" */;
			buildPhases = (
				3D8D00402635B3EA00AC79B1 /* Sources */,
				3D8D00412635B3EA00AC79B1 /* Frameworks */,
				3D8D00422635B3EA00AC79B1 /* Resources */,
			);
			buildRules = (
			);
			dependencies = (
			);
			name = WhatsAppAttachments;
			productName = WhatsAppAttachments;
			productReference = 3D8D00442635B3EA00AC79B1 /* WhatsAppAttachments.app */;
			productType = "com.apple.product-type.application";
		};
/* End PBXNativeTarget section */

/* Begin PBXProject section */
		3D8D003C2635B3EA00AC79B1 /* Project object */ = {
			isa = PBXProject;
			attributes = {
				LastSwiftUpdateCheck = 1230;
				LastUpgradeCheck = 1230;
				TargetAttributes = {
					3D8D00432635B3EA00AC79B1 = {
						CreatedOnToolsVersion = 12.3;
					};
				};
			};
			buildConfigurationList = 3D8D003F2635B3EA00AC79B1 /* Build configuration list for PBXProject "WhatsAppAttachments" */;
			compatibilityVersion = "Xcode 9.3";
			developmentRegion = en;
			hasScannedForEncodings = 0;
			knownRegions = (
				en,
				Base,
			);
			mainGroup = 3D8D003B2635B3EA00AC79B1;
			productRefGroup = 3D8D00452635B3EA00AC79B1 /* Products */;
			projectDirPath = "";
			projectRoot = "";
			targets = (
				3D8D00432635B3EA00AC79B1 /* WhatsAppAttachments */,
			);
		};
/* End PBXProject section */

/* Begin PBXResourcesBuildPhase section */
		3D8D00422635B3EA00AC79B1 /* Resources */ = {
			isa = PBXResourcesBuildPhase;
			buildActionMask = 2147483647;
			files = (
				3D8D00542635B3EB00AC79B1 /* LaunchScreen.storyboard in Resources */,
				3D50353A2648423A002DC087 /* Main.storyboard in Resources */,
				3D8D00512635B3EB00AC79B1 /* Assets.xcassets in Resources */,
				3D50350A2647C032002DC087 /* MessageTableViewCell.xib in Resources */,
			);
			runOnlyForDeploymentPostprocessing = 0;
		};
/* End PBXResourcesBuildPhase section */

/* Begin PBXSourcesBuildPhase section */
		3D8D00402635B3EA00AC79B1 /* Sources */ = {
			isa = PBXSourcesBuildPhase;
			buildActionMask = 2147483647;
			files = (
				3D50351A2647CE06002DC087 /* Coordinator.swift in Sources */,
				3D5035022647BD3B002DC087 /* Attachments.swift in Sources */,
				3D50353226482F2A002DC087 /* AppDelegate.swift in Sources */,
				3D8D004C2635B3EA00AC79B1 /* ViewController.swift in Sources */,
				3D19ABB42646F2DA0088D0F6 /* AttachmentsViewModel.swift in Sources */,
				3D50352C26482DFC002DC087 /* Storyboarded.swift in Sources */,
				3D50352926482DE8002DC087 /* MainCoordinator.swift in Sources */,
				3D5035092647C032002DC087 /* MessageTableViewCell.swift in Sources */,
			);
			runOnlyForDeploymentPostprocessing = 0;
		};
/* End PBXSourcesBuildPhase section */

/* Begin PBXVariantGroup section */
		3D5035382648423A002DC087 /* Main.storyboard */ = {
			isa = PBXVariantGroup;
			children = (
				3D5035392648423A002DC087 /* Base */,
			);
			name = Main.storyboard;
			sourceTree = "<group>";
		};
		3D8D00522635B3EB00AC79B1 /* LaunchScreen.storyboard */ = {
			isa = PBXVariantGroup;
			children = (
				3D8D00532635B3EB00AC79B1 /* Base */,
			);
			name = LaunchScreen.storyboard;
			sourceTree = "<group>";
		};
/* End PBXVariantGroup section */

/* Begin XCBuildConfiguration section */
		3D8D00562635B3EB00AC79B1 /* Debug */ = {
			isa = XCBuildConfiguration;
			buildSettings = {
				ALWAYS_SEARCH_USER_PATHS = NO;
				CLANG_ANALYZER_NONNULL = YES;
				CLANG_ANALYZER_NUMBER_OBJECT_CONVERSION = YES_AGGRESSIVE;
				CLANG_CXX_LANGUAGE_STANDARD = "gnu++14";
				CLANG_CXX_LIBRARY = "libc++";
				CLANG_ENABLE_MODULES = YES;
				CLANG_ENABLE_OBJC_ARC = YES;
				CLANG_ENABLE_OBJC_WEAK = YES;
				CLANG_WARN_BLOCK_CAPTURE_AUTORELEASING = YES;
				CLANG_WARN_BOOL_CONVERSION = YES;
				CLANG_WARN_COMMA = YES;
				CLANG_WARN_CONSTANT_CONVERSION = YES;
				CLANG_WARN_DEPRECATED_OBJC_IMPLEMENTATIONS = YES;
				CLANG_WARN_DIRECT_OBJC_ISA_USAGE = YES_ERROR;
				CLANG_WARN_DOCUMENTATION_COMMENTS = YES;
				CLANG_WARN_EMPTY_BODY = YES;
				CLANG_WARN_ENUM_CONVERSION = YES;
				CLANG_WARN_INFINITE_RECURSION = YES;
				CLANG_WARN_INT_CONVERSION = YES;
				CLANG_WARN_NON_LITERAL_NULL_CONVERSION = YES;
				CLANG_WARN_OBJC_IMPLICIT_RETAIN_SELF = YES;
				CLANG_WARN_OBJC_LITERAL_CONVERSION = YES;
				CLANG_WARN_OBJC_ROOT_CLASS = YES_ERROR;
				CLANG_WARN_QUOTED_INCLUDE_IN_FRAMEWORK_HEADER = YES;
				CLANG_WARN_RANGE_LOOP_ANALYSIS = YES;
				CLANG_WARN_STRICT_PROTOTYPES = YES;
				CLANG_WARN_SUSPICIOUS_MOVE = YES;
				CLANG_WARN_UNGUARDED_AVAILABILITY = YES_AGGRESSIVE;
				CLANG_WARN_UNREACHABLE_CODE = YES;
				CLANG_WARN__DUPLICATE_METHOD_MATCH = YES;
				COPY_PHASE_STRIP = NO;
				DEBUG_INFORMATION_FORMAT = dwarf;
				ENABLE_STRICT_OBJC_MSGSEND = YES;
				ENABLE_TESTABILITY = YES;
				GCC_C_LANGUAGE_STANDARD = gnu11;
				GCC_DYNAMIC_NO_PIC = NO;
				GCC_NO_COMMON_BLOCKS = YES;
				GCC_OPTIMIZATION_LEVEL = 0;
				GCC_PREPROCESSOR_DEFINITIONS = (
					"DEBUG=1",
					"$(inherited)",
				);
				GCC_WARN_64_TO_32_BIT_CONVERSION = YES;
				GCC_WARN_ABOUT_RETURN_TYPE = YES_ERROR;
				GCC_WARN_UNDECLARED_SELECTOR = YES;
				GCC_WARN_UNINITIALIZED_AUTOS = YES_AGGRESSIVE;
				GCC_WARN_UNUSED_FUNCTION = YES;
				GCC_WARN_UNUSED_VARIABLE = YES;
				IPHONEOS_DEPLOYMENT_TARGET = 13.0;
				MTL_ENABLE_DEBUG_INFO = INCLUDE_SOURCE;
				MTL_FAST_MATH = YES;
				ONLY_ACTIVE_ARCH = YES;
				SDKROOT = iphoneos;
				SWIFT_ACTIVE_COMPILATION_CONDITIONS = DEBUG;
				SWIFT_OPTIMIZATION_LEVEL = "-Onone";
			};
			name = Debug;
		};
		3D8D00572635B3EB00AC79B1 /* Release */ = {
			isa = XCBuildConfiguration;
			buildSettings = {
				ALWAYS_SEARCH_USER_PATHS = NO;
				CLANG_ANALYZER_NONNULL = YES;
				CLANG_ANALYZER_NUMBER_OBJECT_CONVERSION = YES_AGGRESSIVE;
				CLANG_CXX_LANGUAGE_STANDARD = "gnu++14";
				CLANG_CXX_LIBRARY = "libc++";
				CLANG_ENABLE_MODULES = YES;
				CLANG_ENABLE_OBJC_ARC = YES;
				CLANG_ENABLE_OBJC_WEAK = YES;
				CLANG_WARN_BLOCK_CAPTURE_AUTORELEASING = YES;
				CLANG_WARN_BOOL_CONVERSION = YES;
				CLANG_WARN_COMMA = YES;
				CLANG_WARN_CONSTANT_CONVERSION = YES;
				CLANG_WARN_DEPRECATED_OBJC_IMPLEMENTATIONS = YES;
				CLANG_WARN_DIRECT_OBJC_ISA_USAGE = YES_ERROR;
				CLANG_WARN_DOCUMENTATION_COMMENTS = YES;
				CLANG_WARN_EMPTY_BODY = YES;
				CLANG_WARN_ENUM_CONVERSION = YES;
				CLANG_WARN_INFINITE_RECURSION = YES;
				CLANG_WARN_INT_CONVERSION = YES;
				CLANG_WARN_NON_LITERAL_NULL_CONVERSION = YES;
				CLANG_WARN_OBJC_IMPLICIT_RETAIN_SELF = YES;
				CLANG_WARN_OBJC_LITERAL_CONVERSION = YES;
				CLANG_WARN_OBJC_ROOT_CLASS = YES_ERROR;
				CLANG_WARN_QUOTED_INCLUDE_IN_FRAMEWORK_HEADER = YES;
				CLANG_WARN_RANGE_LOOP_ANALYSIS = YES;
				CLANG_WARN_STRICT_PROTOTYPES = YES;
				CLANG_WARN_SUSPICIOUS_MOVE = YES;
				CLANG_WARN_UNGUARDED_AVAILABILITY = YES_AGGRESSIVE;
				CLANG_WARN_UNREACHABLE_CODE = YES;
				CLANG_WARN__DUPLICATE_METHOD_MATCH = YES;
				COPY_PHASE_STRIP = NO;
				DEBUG_INFORMATION_FORMAT = "dwarf-with-dsym";
				ENABLE_NS_ASSERTIONS = NO;
				ENABLE_STRICT_OBJC_MSGSEND = YES;
				GCC_C_LANGUAGE_STANDARD = gnu11;
				GCC_NO_COMMON_BLOCKS = YES;
				GCC_WARN_64_TO_32_BIT_CONVERSION = YES;
				GCC_WARN_ABOUT_RETURN_TYPE = YES_ERROR;
				GCC_WARN_UNDECLARED_SELECTOR = YES;
				GCC_WARN_UNINITIALIZED_AUTOS = YES_AGGRESSIVE;
				GCC_WARN_UNUSED_FUNCTION = YES;
				GCC_WARN_UNUSED_VARIABLE = YES;
				IPHONEOS_DEPLOYMENT_TARGET = 13.0;
				MTL_ENABLE_DEBUG_INFO = NO;
				MTL_FAST_MATH = YES;
				SDKROOT = iphoneos;
				SWIFT_COMPILATION_MODE = wholemodule;
				SWIFT_OPTIMIZATION_LEVEL = "-O";
				VALIDATE_PRODUCT = YES;
			};
			name = Release;
		};
		3D8D00592635B3EB00AC79B1 /* Debug */ = {
			isa = XCBuildConfiguration;
			buildSettings = {
				ASSETCATALOG_COMPILER_APPICON_NAME = AppIcon;
				ASSETCATALOG_COMPILER_GLOBAL_ACCENT_COLOR_NAME = AccentColor;
				CODE_SIGN_STYLE = Automatic;
				DEVELOPMENT_TEAM = 93GW7A82X2;
				INFOPLIST_FILE = WhatsAppAttachments/Info.plist;
				LD_RUNPATH_SEARCH_PATHS = (
					"$(inherited)",
					"@executable_path/Frameworks",
				);
				PRODUCT_BUNDLE_IDENTIFIER = com.musavir.mpattachments;
				PRODUCT_NAME = "$(TARGET_NAME)";
				SWIFT_VERSION = 5.0;
				TARGETED_DEVICE_FAMILY = 1;
			};
			name = Debug;
		};
		3D8D005A2635B3EB00AC79B1 /* Release */ = {
			isa = XCBuildConfiguration;
			buildSettings = {
				ASSETCATALOG_COMPILER_APPICON_NAME = AppIcon;
				ASSETCATALOG_COMPILER_GLOBAL_ACCENT_COLOR_NAME = AccentColor;
				CODE_SIGN_STYLE = Automatic;
				DEVELOPMENT_TEAM = 93GW7A82X2;
				INFOPLIST_FILE = WhatsAppAttachments/Info.plist;
				LD_RUNPATH_SEARCH_PATHS = (
					"$(inherited)",
					"@executable_path/Frameworks",
				);
				PRODUCT_BUNDLE_IDENTIFIER = com.musavir.mpattachments;
				PRODUCT_NAME = "$(TARGET_NAME)";
				SWIFT_VERSION = 5.0;
				TARGETED_DEVICE_FAMILY = 1;
			};
			name = Release;
		};
/* End XCBuildConfiguration section */

/* Begin XCConfigurationList section */
		3D8D003F2635B3EA00AC79B1 /* Build configuration list for PBXProject "WhatsAppAttachments" */ = {
			isa = XCConfigurationList;
			buildConfigurations = (
				3D8D00562635B3EB00AC79B1 /* Debug */,
				3D8D00572635B3EB00AC79B1 /* Release */,
			);
			defaultConfigurationIsVisible = 0;
			defaultConfigurationName = Release;
		};
		3D8D00582635B3EB00AC79B1 /* Build configuration list for PBXNativeTarget "WhatsAppAttachments" */ = {
			isa = XCConfigurationList;
			buildConfigurations = (
				3D8D00592635B3EB00AC79B1 /* Debug */,
				3D8D005A2635B3EB00AC79B1 /* Release */,
			);
			defaultConfigurationIsVisible = 0;
			defaultConfigurationName = Release;
		};
/* End XCConfigurationList section */
	};
	rootObject = 3D8D003C2635B3EA00AC79B1 /* Project object */;
}
